
Microsoft Visual Studio Solution File, Format Version 12.00
# Visual Studio Version 16
VisualStudioVersion = 16.0.30204.135
MinimumVisualStudioVersion = 10.0.40219.1
Project("{FAE04EC0-301F-11D3-BF4B-00C04F79EFBC}") = "WpfDemo", "WpfDemo\WpfDemo.csproj", "{1B522224-F113-48E3-9346-C519C1810267}"
EndProject
Project("{FAE04EC0-301F-11D3-BF4B-00C04F79EFBC}") = "HappyWPF", "HappyWPF\HappyWPF.csproj", "{6691BB89-78DB-4298-963F-89B7EC021B10}"
EndProject
Project("{FAE04EC0-301F-11D3-BF4B-00C04F79EFBC}") = "ControlLibrary", "ControlLibrary\ControlLibrary.csproj", "{0AD69D4A-24FE-465E-87DB-8EADA19F4AD4}"
EndProject
Project("{FAE04EC0-301F-11D3-BF4B-00C04F79EFBC}") = "SimpleMvvmDemo.Client", "SimpleMvvmDemo.Client\SimpleMvvmDemo.Client.csproj", "{BE89CE7D-2DD7-48A9-A166-96616AB71E92}"
EndProject
Project("{FAE04EC0-301F-11D3-BF4B-00C04F79EFBC}") = "CrazyElephant.Client", "CrazyElephant.Client\CrazyElephant.Client.csproj", "{B2EB66D5-FBC8-4053-B278-DB8771CC69B1}"
EndProject
Global
	GlobalSection(SolutionConfigurationPlatforms) = preSolution
		Debug|Any CPU = Debug|Any CPU
		Release|Any CPU = Release|Any CPU
	EndGlobalSection
	GlobalSection(ProjectConfigurationPlatforms) = postSolution
		{1B522224-F113-48E3-9346-C519C1810267}.Debug|Any CPU.ActiveCfg = Debug|Any CPU
		{1B522224-F113-48E3-9346-C519C1810267}.Debug|Any CPU.Build.0 = Debug|Any CPU
		{1B522224-F113-48E3-9346-C519C1810267}.Release|Any CPU.ActiveCfg = Release|Any CPU
		{1B522224-F113-48E3-9346-C519C1810267}.Release|Any CPU.Build.0 = Release|Any CPU
		{6691BB89-78DB-4298-963F-89B7EC021B10}.Debug|Any CPU.ActiveCfg = Debug|Any CPU
		{6691BB89-78DB-4298-963F-89B7EC021B10}.Debug|Any CPU.Build.0 = Debug|Any CPU
		{6691BB89-78DB-4298-963F-89B7EC021B10}.Release|Any CPU.ActiveCfg = Release|Any CPU
		{6691BB89-78DB-4298-963F-89B7EC021B10}.Release|Any CPU.Build.0 = Release|Any CPU
		{0AD69D4A-24FE-465E-87DB-8EADA19F4AD4}.Debug|Any CPU.ActiveCfg = Debug|Any CPU
		{0AD69D4A-24FE-465E-87DB-8EADA19F4AD4}.Debug|Any CPU.Build.0 = Debug|Any CPU
		{0AD69D4A-24FE-465E-87DB-8EADA19F4AD4}.Release|Any CPU.ActiveCfg = Release|Any CPU
		{0AD69D4A-24FE-465E-87DB-8EADA19F4AD4}.Release|Any CPU.Build.0 = Release|Any CPU
		{BE89CE7D-2DD7-48A9-A166-96616AB71E92}.Debug|Any CPU.ActiveCfg = Debug|Any CPU
		{BE89CE7D-2DD7-48A9-A166-96616AB71E92}.Debug|Any CPU.Build.0 = Debug|Any CPU
		{BE89CE7D-2DD7-48A9-A166-96616AB71E92}.Release|Any CPU.ActiveCfg = Release|Any CPU
		{BE89CE7D-2DD7-48A9-A166-96616AB71E92}.Release|Any CPU.Build.0 = Release|Any CPU
		{B2EB66D5-FBC8-4053-B278-DB8771CC69B1}.Debug|Any CPU.ActiveCfg = Debug|Any CPU
		{B2EB66D5-FBC8-4053-B278-DB8771CC69B1}.Debug|Any CPU.Build.0 = Debug|Any CPU
		{B2EB66D5-FBC8-4053-B278-DB8771CC69B1}.Release|Any CPU.ActiveCfg = Release|Any CPU
		{B2EB66D5-FBC8-4053-B278-DB8771CC69B1}.Release|Any CPU.Build.0 = Release|Any CPU
	EndGlobalSection
	GlobalSection(SolutionProperties) = preSolution
		HideSolutionNode = FALSE
	EndGlobalSection
	GlobalSection(ExtensibilityGlobals) = postSolution
		SolutionGuid = {E80F0852-F794-4844-9F5A-65FB4B5547F2}
	EndGlobalSection
EndGlobal
